
Microsoft Visual Studio Solution File, Format Version 12.00
# Visual Studio Version 17
VisualStudioVersion = 17.11.35222.181
MinimumVisualStudioVersion = 10.0.40219.1
Project("{FAE04EC0-301F-11D3-BF4B-00C04F79EFBC}") = "GProg_OOPGameRefactoring_JuliaC01202025", "GProg_OOPGameRefactoring_JuliaC01202025.csproj", "{A892747C-CF7A-448C-B58B-3CE99B3906C2}"
EndProject
Global
	GlobalSection(SolutionConfigurationPlatforms) = preSolution
		Debug|Any CPU = Debug|Any CPU
		Release|Any CPU = Release|Any CPU
	EndGlobalSection
	GlobalSection(ProjectConfigurationPlatforms) = postSolution
		{A892747C-CF7A-448C-B58B-3CE99B3906C2}.Debug|Any CPU.ActiveCfg = Debug|Any CPU
		{A892747C-CF7A-448C-B58B-3CE99B3906C2}.Debug|Any CPU.Build.0 = Debug|Any CPU
		{A892747C-CF7A-448C-B58B-3CE99B3906C2}.Release|Any CPU.ActiveCfg = Release|Any CPU
		{A892747C-CF7A-448C-B58B-3CE99B3906C2}.Release|Any CPU.Build.0 = Release|Any CPU
	EndGlobalSection
	GlobalSection(SolutionProperties) = preSolution
		HideSolutionNode = FALSE
	EndGlobalSection
	GlobalSection(ExtensibilityGlobals) = postSolution
		SolutionGuid = {F6568F90-93C9-4CBB-BB8A-9E24A2EB73D6}
	EndGlobalSection
EndGlobal
